
Microsoft Visual Studio Solution File, Format Version 12.00
# Visual Studio 15
Project("{FAE04EC0-301F-11D3-BF4B-00C04F79EFBC}") = "VRC.Udon.Serialization.OdinSerializer", "VRC.Udon.Serialization.OdinSerializer.csproj", "{9F5DD89B-7808-1483-317C-52ACF016E476}"
EndProject
Project("{FAE04EC0-301F-11D3-BF4B-00C04F79EFBC}") = "UdonSharp.Editor", "UdonSharp.Editor.csproj", "{413E95BA-1D7D-CFAD-2C29-C526A0CBCBA1}"
EndProject
Project("{FAE04EC0-301F-11D3-BF4B-00C04F79EFBC}") = "VRC.Udon.Editor", "VRC.Udon.Editor.csproj", "{29190C7A-A79D-8F22-7800-5620067BBE39}"
EndProject
Project("{FAE04EC0-301F-11D3-BF4B-00C04F79EFBC}") = "VRC.SDKBase.Editor", "VRC.SDKBase.Editor.csproj", "{0ADB35D9-EB14-AD96-F1E9-EBA97E06C408}"
EndProject
Project("{FAE04EC0-301F-11D3-BF4B-00C04F79EFBC}") = "VRC.Udon", "VRC.Udon.csproj", "{0D177146-B4B8-650A-68AE-0F90E8CF0205}"
EndProject
Project("{FAE04EC0-301F-11D3-BF4B-00C04F79EFBC}") = "UniTask", "UniTask.csproj", "{4C59E2A0-274D-5BA0-38A6-38750407FD91}"
EndProject
Project("{FAE04EC0-301F-11D3-BF4B-00C04F79EFBC}") = "VRC.ClientSim", "VRC.ClientSim.csproj", "{32B9D49C-2348-0AE7-46D2-3F9961142A37}"
EndProject
Project("{FAE04EC0-301F-11D3-BF4B-00C04F79EFBC}") = "UniTask.Linq", "UniTask.Linq.csproj", "{1FA14D8D-1191-AADC-689A-612841341E1E}"
EndProject
Project("{FAE04EC0-301F-11D3-BF4B-00C04F79EFBC}") = "VRC.SDKBase", "VRC.SDKBase.csproj", "{14315B19-D0B8-6395-E03B-2635114CE6C2}"
EndProject
Project("{FAE04EC0-301F-11D3-BF4B-00C04F79EFBC}") = "Assembly-CSharp", "Assembly-CSharp.csproj", "{0B084582-3832-C62D-1C0A-530696346E9D}"
EndProject
Project("{FAE04EC0-301F-11D3-BF4B-00C04F79EFBC}") = "VRC.ClientSim.Editor", "VRC.ClientSim.Editor.csproj", "{415E8A17-0F9A-9C2B-592E-FEA06B8AE892}"
EndProject
Project("{FAE04EC0-301F-11D3-BF4B-00C04F79EFBC}") = "VRC.SDK3", "VRC.SDK3.csproj", "{F2F8BBDB-E7C0-0747-6890-4F1A39E152A0}"
EndProject
Project("{FAE04EC0-301F-11D3-BF4B-00C04F79EFBC}") = "VRC.SDK3.Editor", "VRC.SDK3.Editor.csproj", "{5FCE56C1-C558-EDFA-102F-E020B69D2BE3}"
EndProject
Project("{FAE04EC0-301F-11D3-BF4B-00C04F79EFBC}") = "UniTask.DOTween", "UniTask.DOTween.csproj", "{3F6A2DF0-E7DF-2F4D-2B15-951CD326D552}"
EndProject
Project("{FAE04EC0-301F-11D3-BF4B-00C04F79EFBC}") = "UnityEditorTests", "UnityEditorTests.csproj", "{398F90FA-B0C2-4478-7C75-CE1D5F2533E0}"
EndProject
Project("{FAE04EC0-301F-11D3-BF4B-00C04F79EFBC}") = "com.vrchat.core.vpm-resolver.Editor", "com.vrchat.core.vpm-resolver.Editor.csproj", "{86829F67-311A-F80B-9C8F-9DA45A410702}"
EndProject
Project("{FAE04EC0-301F-11D3-BF4B-00C04F79EFBC}") = "VRC.SDKBase.Editor.ShaderStripping", "VRC.SDKBase.Editor.ShaderStripping.csproj", "{503B1FE7-F50A-85E2-9332-FA2416C432A2}"
EndProject
Project("{FAE04EC0-301F-11D3-BF4B-00C04F79EFBC}") = "UdonSharp.Runtime", "UdonSharp.Runtime.csproj", "{31F63AF3-068C-88C1-8AE9-B66D09E177CD}"
EndProject
Project("{FAE04EC0-301F-11D3-BF4B-00C04F79EFBC}") = "UniTask.Editor", "UniTask.Editor.csproj", "{E42FB892-42B3-8D95-06AF-54E8CAE15D98}"
EndProject
Project("{FAE04EC0-301F-11D3-BF4B-00C04F79EFBC}") = "Assembly-CSharp-Editor", "Assembly-CSharp-Editor.csproj", "{100F84C3-D4AE-4F1D-DCC4-1829BAEF3E5F}"
EndProject
Project("{FAE04EC0-301F-11D3-BF4B-00C04F79EFBC}") = "UdonSharp.Lib", "UdonSharp.Lib.csproj", "{1D17A37B-2CFA-C97D-AD95-CBA770B7D84F}"
EndProject
Project("{FAE04EC0-301F-11D3-BF4B-00C04F79EFBC}") = "VRC.SDKBase.Editor.BuildPipeline", "VRC.SDKBase.Editor.BuildPipeline.csproj", "{706F0CAD-C742-9F67-782F-84BCCF991683}"
EndProject
Project("{FAE04EC0-301F-11D3-BF4B-00C04F79EFBC}") = "UniTask.Addressables", "UniTask.Addressables.csproj", "{A666AD72-36B8-C09D-C8BB-414A91EC0A2E}"
EndProject
Project("{FAE04EC0-301F-11D3-BF4B-00C04F79EFBC}") = "UniTask.TextMeshPro", "UniTask.TextMeshPro.csproj", "{C0C3F60E-1D49-0E5B-BFF0-9BB42249E8E7}"
EndProject
Global
	GlobalSection(SolutionConfigurationPlatforms) = preSolution
		Debug|Any CPU = Debug|Any CPU
		Release|Any CPU = Release|Any CPU
	EndGlobalSection
	GlobalSection(ProjectConfigurationPlatforms) = postSolution
		{9F5DD89B-7808-1483-317C-52ACF016E476}.Debug|Any CPU.ActiveCfg = Debug|Any CPU
		{9F5DD89B-7808-1483-317C-52ACF016E476}.Debug|Any CPU.Build.0 = Debug|Any CPU
		{9F5DD89B-7808-1483-317C-52ACF016E476}.Release|Any CPU.ActiveCfg = Release|Any CPU
		{9F5DD89B-7808-1483-317C-52ACF016E476}.Release|Any CPU.Build.0 = Release|Any CPU
		{413E95BA-1D7D-CFAD-2C29-C526A0CBCBA1}.Debug|Any CPU.ActiveCfg = Debug|Any CPU
		{413E95BA-1D7D-CFAD-2C29-C526A0CBCBA1}.Debug|Any CPU.Build.0 = Debug|Any CPU
		{413E95BA-1D7D-CFAD-2C29-C526A0CBCBA1}.Release|Any CPU.ActiveCfg = Release|Any CPU
		{413E95BA-1D7D-CFAD-2C29-C526A0CBCBA1}.Release|Any CPU.Build.0 = Release|Any CPU
		{29190C7A-A79D-8F22-7800-5620067BBE39}.Debug|Any CPU.ActiveCfg = Debug|Any CPU
		{29190C7A-A79D-8F22-7800-5620067BBE39}.Debug|Any CPU.Build.0 = Debug|Any CPU
		{29190C7A-A79D-8F22-7800-5620067BBE39}.Release|Any CPU.ActiveCfg = Release|Any CPU
		{29190C7A-A79D-8F22-7800-5620067BBE39}.Release|Any CPU.Build.0 = Release|Any CPU
		{0ADB35D9-EB14-AD96-F1E9-EBA97E06C408}.Debug|Any CPU.ActiveCfg = Debug|Any CPU
		{0ADB35D9-EB14-AD96-F1E9-EBA97E06C408}.Debug|Any CPU.Build.0 = Debug|Any CPU
		{0ADB35D9-EB14-AD96-F1E9-EBA97E06C408}.Release|Any CPU.ActiveCfg = Release|Any CPU
		{0ADB35D9-EB14-AD96-F1E9-EBA97E06C408}.Release|Any CPU.Build.0 = Release|Any CPU
		{0D177146-B4B8-650A-68AE-0F90E8CF0205}.Debug|Any CPU.ActiveCfg = Debug|Any CPU
		{0D177146-B4B8-650A-68AE-0F90E8CF0205}.Debug|Any CPU.Build.0 = Debug|Any CPU
		{0D177146-B4B8-650A-68AE-0F90E8CF0205}.Release|Any CPU.ActiveCfg = Release|Any CPU
		{0D177146-B4B8-650A-68AE-0F90E8CF0205}.Release|Any CPU.Build.0 = Release|Any CPU
		{4C59E2A0-274D-5BA0-38A6-38750407FD91}.Debug|Any CPU.ActiveCfg = Debug|Any CPU
		{4C59E2A0-274D-5BA0-38A6-38750407FD91}.Debug|Any CPU.Build.0 = Debug|Any CPU
		{4C59E2A0-274D-5BA0-38A6-38750407FD91}.Release|Any CPU.ActiveCfg = Release|Any CPU
		{4C59E2A0-274D-5BA0-38A6-38750407FD91}.Release|Any CPU.Build.0 = Release|Any CPU
		{32B9D49C-2348-0AE7-46D2-3F9961142A37}.Debug|Any CPU.ActiveCfg = Debug|Any CPU
		{32B9D49C-2348-0AE7-46D2-3F9961142A37}.Debug|Any CPU.Build.0 = Debug|Any CPU
		{32B9D49C-2348-0AE7-46D2-3F9961142A37}.Release|Any CPU.ActiveCfg = Release|Any CPU
		{32B9D49C-2348-0AE7-46D2-3F9961142A37}.Release|Any CPU.Build.0 = Release|Any CPU
		{1FA14D8D-1191-AADC-689A-612841341E1E}.Debug|Any CPU.ActiveCfg = Debug|Any CPU
		{1FA14D8D-1191-AADC-689A-612841341E1E}.Debug|Any CPU.Build.0 = Debug|Any CPU
		{1FA14D8D-1191-AADC-689A-612841341E1E}.Release|Any CPU.ActiveCfg = Release|Any CPU
		{1FA14D8D-1191-AADC-689A-612841341E1E}.Release|Any CPU.Build.0 = Release|Any CPU
		{14315B19-D0B8-6395-E03B-2635114CE6C2}.Debug|Any CPU.ActiveCfg = Debug|Any CPU
		{14315B19-D0B8-6395-E03B-2635114CE6C2}.Debug|Any CPU.Build.0 = Debug|Any CPU
		{14315B19-D0B8-6395-E03B-2635114CE6C2}.Release|Any CPU.ActiveCfg = Release|Any CPU
		{14315B19-D0B8-6395-E03B-2635114CE6C2}.Release|Any CPU.Build.0 = Release|Any CPU
		{0B084582-3832-C62D-1C0A-530696346E9D}.Debug|Any CPU.ActiveCfg = Debug|Any CPU
		{0B084582-3832-C62D-1C0A-530696346E9D}.Debug|Any CPU.Build.0 = Debug|Any CPU
		{0B084582-3832-C62D-1C0A-530696346E9D}.Release|Any CPU.ActiveCfg = Release|Any CPU
		{0B084582-3832-C62D-1C0A-530696346E9D}.Release|Any CPU.Build.0 = Release|Any CPU
		{415E8A17-0F9A-9C2B-592E-FEA06B8AE892}.Debug|Any CPU.ActiveCfg = Debug|Any CPU
		{415E8A17-0F9A-9C2B-592E-FEA06B8AE892}.Debug|Any CPU.Build.0 = Debug|Any CPU
		{415E8A17-0F9A-9C2B-592E-FEA06B8AE892}.Release|Any CPU.ActiveCfg = Release|Any CPU
		{415E8A17-0F9A-9C2B-592E-FEA06B8AE892}.Release|Any CPU.Build.0 = Release|Any CPU
		{F2F8BBDB-E7C0-0747-6890-4F1A39E152A0}.Debug|Any CPU.ActiveCfg = Debug|Any CPU
		{F2F8BBDB-E7C0-0747-6890-4F1A39E152A0}.Debug|Any CPU.Build.0 = Debug|Any CPU
		{F2F8BBDB-E7C0-0747-6890-4F1A39E152A0}.Release|Any CPU.ActiveCfg = Release|Any CPU
		{F2F8BBDB-E7C0-0747-6890-4F1A39E152A0}.Release|Any CPU.Build.0 = Release|Any CPU
		{5FCE56C1-C558-EDFA-102F-E020B69D2BE3}.Debug|Any CPU.ActiveCfg = Debug|Any CPU
		{5FCE56C1-C558-EDFA-102F-E020B69D2BE3}.Debug|Any CPU.Build.0 = Debug|Any CPU
		{5FCE56C1-C558-EDFA-102F-E020B69D2BE3}.Release|Any CPU.ActiveCfg = Release|Any CPU
		{5FCE56C1-C558-EDFA-102F-E020B69D2BE3}.Release|Any CPU.Build.0 = Release|Any CPU
		{3F6A2DF0-E7DF-2F4D-2B15-951CD326D552}.Debug|Any CPU.ActiveCfg = Debug|Any CPU
		{3F6A2DF0-E7DF-2F4D-2B15-951CD326D552}.Debug|Any CPU.Build.0 = Debug|Any CPU
		{3F6A2DF0-E7DF-2F4D-2B15-951CD326D552}.Release|Any CPU.ActiveCfg = Release|Any CPU
		{3F6A2DF0-E7DF-2F4D-2B15-951CD326D552}.Release|Any CPU.Build.0 = Release|Any CPU
		{398F90FA-B0C2-4478-7C75-CE1D5F2533E0}.Debug|Any CPU.ActiveCfg = Debug|Any CPU
		{398F90FA-B0C2-4478-7C75-CE1D5F2533E0}.Debug|Any CPU.Build.0 = Debug|Any CPU
		{398F90FA-B0C2-4478-7C75-CE1D5F2533E0}.Release|Any CPU.ActiveCfg = Release|Any CPU
		{398F90FA-B0C2-4478-7C75-CE1D5F2533E0}.Release|Any CPU.Build.0 = Release|Any CPU
		{86829F67-311A-F80B-9C8F-9DA45A410702}.Debug|Any CPU.ActiveCfg = Debug|Any CPU
		{86829F67-311A-F80B-9C8F-9DA45A410702}.Debug|Any CPU.Build.0 = Debug|Any CPU
		{86829F67-311A-F80B-9C8F-9DA45A410702}.Release|Any CPU.ActiveCfg = Release|Any CPU
		{86829F67-311A-F80B-9C8F-9DA45A410702}.Release|Any CPU.Build.0 = Release|Any CPU
		{503B1FE7-F50A-85E2-9332-FA2416C432A2}.Debug|Any CPU.ActiveCfg = Debug|Any CPU
		{503B1FE7-F50A-85E2-9332-FA2416C432A2}.Debug|Any CPU.Build.0 = Debug|Any CPU
		{503B1FE7-F50A-85E2-9332-FA2416C432A2}.Release|Any CPU.ActiveCfg = Release|Any CPU
		{503B1FE7-F50A-85E2-9332-FA2416C432A2}.Release|Any CPU.Build.0 = Release|Any CPU
		{31F63AF3-068C-88C1-8AE9-B66D09E177CD}.Debug|Any CPU.ActiveCfg = Debug|Any CPU
		{31F63AF3-068C-88C1-8AE9-B66D09E177CD}.Debug|Any CPU.Build.0 = Debug|Any CPU
		{31F63AF3-068C-88C1-8AE9-B66D09E177CD}.Release|Any CPU.ActiveCfg = Release|Any CPU
		{31F63AF3-068C-88C1-8AE9-B66D09E177CD}.Release|Any CPU.Build.0 = Release|Any CPU
		{E42FB892-42B3-8D95-06AF-54E8CAE15D98}.Debug|Any CPU.ActiveCfg = Debug|Any CPU
		{E42FB892-42B3-8D95-06AF-54E8CAE15D98}.Debug|Any CPU.Build.0 = Debug|Any CPU
		{E42FB892-42B3-8D95-06AF-54E8CAE15D98}.Release|Any CPU.ActiveCfg = Release|Any CPU
		{E42FB892-42B3-8D95-06AF-54E8CAE15D98}.Release|Any CPU.Build.0 = Release|Any CPU
		{100F84C3-D4AE-4F1D-DCC4-1829BAEF3E5F}.Debug|Any CPU.ActiveCfg = Debug|Any CPU
		{100F84C3-D4AE-4F1D-DCC4-1829BAEF3E5F}.Debug|Any CPU.Build.0 = Debug|Any CPU
		{100F84C3-D4AE-4F1D-DCC4-1829BAEF3E5F}.Release|Any CPU.ActiveCfg = Release|Any CPU
		{100F84C3-D4AE-4F1D-DCC4-1829BAEF3E5F}.Release|Any CPU.Build.0 = Release|Any CPU
		{1D17A37B-2CFA-C97D-AD95-CBA770B7D84F}.Debug|Any CPU.ActiveCfg = Debug|Any CPU
		{1D17A37B-2CFA-C97D-AD95-CBA770B7D84F}.Debug|Any CPU.Build.0 = Debug|Any CPU
		{1D17A37B-2CFA-C97D-AD95-CBA770B7D84F}.Release|Any CPU.ActiveCfg = Release|Any CPU
		{1D17A37B-2CFA-C97D-AD95-CBA770B7D84F}.Release|Any CPU.Build.0 = Release|Any CPU
		{706F0CAD-C742-9F67-782F-84BCCF991683}.Debug|Any CPU.ActiveCfg = Debug|Any CPU
		{706F0CAD-C742-9F67-782F-84BCCF991683}.Debug|Any CPU.Build.0 = Debug|Any CPU
		{706F0CAD-C742-9F67-782F-84BCCF991683}.Release|Any CPU.ActiveCfg = Release|Any CPU
		{706F0CAD-C742-9F67-782F-84BCCF991683}.Release|Any CPU.Build.0 = Release|Any CPU
		{A666AD72-36B8-C09D-C8BB-414A91EC0A2E}.Debug|Any CPU.ActiveCfg = Debug|Any CPU
		{A666AD72-36B8-C09D-C8BB-414A91EC0A2E}.Debug|Any CPU.Build.0 = Debug|Any CPU
		{A666AD72-36B8-C09D-C8BB-414A91EC0A2E}.Release|Any CPU.ActiveCfg = Release|Any CPU
		{A666AD72-36B8-C09D-C8BB-414A91EC0A2E}.Release|Any CPU.Build.0 = Release|Any CPU
		{C0C3F60E-1D49-0E5B-BFF0-9BB42249E8E7}.Debug|Any CPU.ActiveCfg = Debug|Any CPU
		{C0C3F60E-1D49-0E5B-BFF0-9BB42249E8E7}.Debug|Any CPU.Build.0 = Debug|Any CPU
		{C0C3F60E-1D49-0E5B-BFF0-9BB42249E8E7}.Release|Any CPU.ActiveCfg = Release|Any CPU
		{C0C3F60E-1D49-0E5B-BFF0-9BB42249E8E7}.Release|Any CPU.Build.0 = Release|Any CPU
	EndGlobalSection
	GlobalSection(SolutionProperties) = preSolution
		HideSolutionNode = FALSE
	EndGlobalSection
EndGlobal
