
Microsoft Visual Studio Solution File, Format Version 12.00
# Visual Studio 15
Project("{FAE04EC0-301F-11D3-BF4B-00C04F79EFBC}") = "VRC.Udon.Serialization.OdinSerializer", "VRC.Udon.Serialization.OdinSerializer.csproj", "{83EC7CF7-9238-B91F-F1BC-CCEABA8CC8CC}"
EndProject
Project("{FAE04EC0-301F-11D3-BF4B-00C04F79EFBC}") = "UdonSharp.Editor", "UdonSharp.Editor.csproj", "{68E1529F-4B13-7AF3-A6F5-96A9115B88CF}"
EndProject
Project("{FAE04EC0-301F-11D3-BF4B-00C04F79EFBC}") = "VRC.Udon.Editor", "VRC.Udon.Editor.csproj", "{3522680A-C543-456C-A258-7CBAB48C9443}"
EndProject
Project("{FAE04EC0-301F-11D3-BF4B-00C04F79EFBC}") = "VRC.SDKBase.Editor", "VRC.SDKBase.Editor.csproj", "{35A151C7-C3EA-9992-9203-53C90A12DCA5}"
EndProject
Project("{FAE04EC0-301F-11D3-BF4B-00C04F79EFBC}") = "VRC.Udon", "VRC.Udon.csproj", "{F50D537B-F000-BB8E-3999-C1647936A8B4}"
EndProject
Project("{FAE04EC0-301F-11D3-BF4B-00C04F79EFBC}") = "UniTask", "UniTask.csproj", "{CA6A158F-ABAD-4727-E5D8-73844FB1F348}"
EndProject
Project("{FAE04EC0-301F-11D3-BF4B-00C04F79EFBC}") = "VRC.ClientSim", "VRC.ClientSim.csproj", "{C7998374-B7D6-39FC-8136-446845D052AE}"
EndProject
Project("{FAE04EC0-301F-11D3-BF4B-00C04F79EFBC}") = "UniTask.Linq", "UniTask.Linq.csproj", "{34D3B554-7E7F-9C60-2D05-7B98FFDC11BF}"
EndProject
Project("{FAE04EC0-301F-11D3-BF4B-00C04F79EFBC}") = "VRC.SDKBase", "VRC.SDKBase.csproj", "{6D7F5DA8-D85C-3C0E-3E52-F8F00EDC4F63}"
EndProject
Project("{FAE04EC0-301F-11D3-BF4B-00C04F79EFBC}") = "Assembly-CSharp", "Assembly-CSharp.csproj", "{0FB508A5-1998-5CBF-5F00-FC683744A3B3}"
EndProject
Project("{FAE04EC0-301F-11D3-BF4B-00C04F79EFBC}") = "VRC.ClientSim.Editor", "VRC.ClientSim.Editor.csproj", "{9277A27D-A8F1-E546-2927-7F3EFD3A7CD8}"
EndProject
Project("{FAE04EC0-301F-11D3-BF4B-00C04F79EFBC}") = "VRC.SDK3", "VRC.SDK3.csproj", "{5F611F36-7A1A-F3A4-6566-8F2AE42B9450}"
EndProject
Project("{FAE04EC0-301F-11D3-BF4B-00C04F79EFBC}") = "VRC.SDK3.Editor", "VRC.SDK3.Editor.csproj", "{D9ED3C6F-2700-2BB6-4DB4-AD673AF51151}"
EndProject
Project("{FAE04EC0-301F-11D3-BF4B-00C04F79EFBC}") = "UniTask.DOTween", "UniTask.DOTween.csproj", "{E26E0DB2-B833-D9E1-2D17-4BE252001AA3}"
EndProject
Project("{FAE04EC0-301F-11D3-BF4B-00C04F79EFBC}") = "UnityEditorTests", "UnityEditorTests.csproj", "{D6F1E575-F1F9-4218-90E6-8BAA955FCD0B}"
EndProject
Project("{FAE04EC0-301F-11D3-BF4B-00C04F79EFBC}") = "com.vrchat.core.vpm-resolver.Editor", "com.vrchat.core.vpm-resolver.Editor.csproj", "{3995764F-95E2-1B97-D60F-7A602274B458}"
EndProject
Project("{FAE04EC0-301F-11D3-BF4B-00C04F79EFBC}") = "VRC.SDKBase.Editor.ShaderStripping", "VRC.SDKBase.Editor.ShaderStripping.csproj", "{F62E3E78-2B2C-36DB-5D06-2A05826D19DF}"
EndProject
Project("{FAE04EC0-301F-11D3-BF4B-00C04F79EFBC}") = "UdonSharp.Runtime", "UdonSharp.Runtime.csproj", "{E32E114D-5AB3-8111-D691-02E9A9241E9B}"
EndProject
Project("{FAE04EC0-301F-11D3-BF4B-00C04F79EFBC}") = "UniTask.Editor", "UniTask.Editor.csproj", "{D8CAE88E-CFD7-2BE8-2B56-71678C9628E0}"
EndProject
Project("{FAE04EC0-301F-11D3-BF4B-00C04F79EFBC}") = "Assembly-CSharp-Editor", "Assembly-CSharp-Editor.csproj", "{58EBE268-0B48-77B9-DA72-72FB1C9E1CCD}"
EndProject
Project("{FAE04EC0-301F-11D3-BF4B-00C04F79EFBC}") = "UdonSharp.Lib", "UdonSharp.Lib.csproj", "{45A5C9A1-952C-0DEF-AB5C-DB2AC13C06A1}"
EndProject
Project("{FAE04EC0-301F-11D3-BF4B-00C04F79EFBC}") = "VRC.SDKBase.Editor.BuildPipeline", "VRC.SDKBase.Editor.BuildPipeline.csproj", "{2CA04FC6-C19B-2E85-E4AD-2012A8851B8F}"
EndProject
Project("{FAE04EC0-301F-11D3-BF4B-00C04F79EFBC}") = "UniTask.Addressables", "UniTask.Addressables.csproj", "{47E70E80-73D8-3258-D687-9069A1CD6667}"
EndProject
Project("{FAE04EC0-301F-11D3-BF4B-00C04F79EFBC}") = "UniTask.TextMeshPro", "UniTask.TextMeshPro.csproj", "{30D06FE0-B13C-3699-D204-F5900CDED4CC}"
EndProject
Global
	GlobalSection(SolutionConfigurationPlatforms) = preSolution
		Debug|Any CPU = Debug|Any CPU
		Release|Any CPU = Release|Any CPU
	EndGlobalSection
	GlobalSection(ProjectConfigurationPlatforms) = postSolution
		{83EC7CF7-9238-B91F-F1BC-CCEABA8CC8CC}.Debug|Any CPU.ActiveCfg = Debug|Any CPU
		{83EC7CF7-9238-B91F-F1BC-CCEABA8CC8CC}.Debug|Any CPU.Build.0 = Debug|Any CPU
		{83EC7CF7-9238-B91F-F1BC-CCEABA8CC8CC}.Release|Any CPU.ActiveCfg = Release|Any CPU
		{83EC7CF7-9238-B91F-F1BC-CCEABA8CC8CC}.Release|Any CPU.Build.0 = Release|Any CPU
		{68E1529F-4B13-7AF3-A6F5-96A9115B88CF}.Debug|Any CPU.ActiveCfg = Debug|Any CPU
		{68E1529F-4B13-7AF3-A6F5-96A9115B88CF}.Debug|Any CPU.Build.0 = Debug|Any CPU
		{68E1529F-4B13-7AF3-A6F5-96A9115B88CF}.Release|Any CPU.ActiveCfg = Release|Any CPU
		{68E1529F-4B13-7AF3-A6F5-96A9115B88CF}.Release|Any CPU.Build.0 = Release|Any CPU
		{3522680A-C543-456C-A258-7CBAB48C9443}.Debug|Any CPU.ActiveCfg = Debug|Any CPU
		{3522680A-C543-456C-A258-7CBAB48C9443}.Debug|Any CPU.Build.0 = Debug|Any CPU
		{3522680A-C543-456C-A258-7CBAB48C9443}.Release|Any CPU.ActiveCfg = Release|Any CPU
		{3522680A-C543-456C-A258-7CBAB48C9443}.Release|Any CPU.Build.0 = Release|Any CPU
		{35A151C7-C3EA-9992-9203-53C90A12DCA5}.Debug|Any CPU.ActiveCfg = Debug|Any CPU
		{35A151C7-C3EA-9992-9203-53C90A12DCA5}.Debug|Any CPU.Build.0 = Debug|Any CPU
		{35A151C7-C3EA-9992-9203-53C90A12DCA5}.Release|Any CPU.ActiveCfg = Release|Any CPU
		{35A151C7-C3EA-9992-9203-53C90A12DCA5}.Release|Any CPU.Build.0 = Release|Any CPU
		{F50D537B-F000-BB8E-3999-C1647936A8B4}.Debug|Any CPU.ActiveCfg = Debug|Any CPU
		{F50D537B-F000-BB8E-3999-C1647936A8B4}.Debug|Any CPU.Build.0 = Debug|Any CPU
		{F50D537B-F000-BB8E-3999-C1647936A8B4}.Release|Any CPU.ActiveCfg = Release|Any CPU
		{F50D537B-F000-BB8E-3999-C1647936A8B4}.Release|Any CPU.Build.0 = Release|Any CPU
		{CA6A158F-ABAD-4727-E5D8-73844FB1F348}.Debug|Any CPU.ActiveCfg = Debug|Any CPU
		{CA6A158F-ABAD-4727-E5D8-73844FB1F348}.Debug|Any CPU.Build.0 = Debug|Any CPU
		{CA6A158F-ABAD-4727-E5D8-73844FB1F348}.Release|Any CPU.ActiveCfg = Release|Any CPU
		{CA6A158F-ABAD-4727-E5D8-73844FB1F348}.Release|Any CPU.Build.0 = Release|Any CPU
		{C7998374-B7D6-39FC-8136-446845D052AE}.Debug|Any CPU.ActiveCfg = Debug|Any CPU
		{C7998374-B7D6-39FC-8136-446845D052AE}.Debug|Any CPU.Build.0 = Debug|Any CPU
		{C7998374-B7D6-39FC-8136-446845D052AE}.Release|Any CPU.ActiveCfg = Release|Any CPU
		{C7998374-B7D6-39FC-8136-446845D052AE}.Release|Any CPU.Build.0 = Release|Any CPU
		{34D3B554-7E7F-9C60-2D05-7B98FFDC11BF}.Debug|Any CPU.ActiveCfg = Debug|Any CPU
		{34D3B554-7E7F-9C60-2D05-7B98FFDC11BF}.Debug|Any CPU.Build.0 = Debug|Any CPU
		{34D3B554-7E7F-9C60-2D05-7B98FFDC11BF}.Release|Any CPU.ActiveCfg = Release|Any CPU
		{34D3B554-7E7F-9C60-2D05-7B98FFDC11BF}.Release|Any CPU.Build.0 = Release|Any CPU
		{6D7F5DA8-D85C-3C0E-3E52-F8F00EDC4F63}.Debug|Any CPU.ActiveCfg = Debug|Any CPU
		{6D7F5DA8-D85C-3C0E-3E52-F8F00EDC4F63}.Debug|Any CPU.Build.0 = Debug|Any CPU
		{6D7F5DA8-D85C-3C0E-3E52-F8F00EDC4F63}.Release|Any CPU.ActiveCfg = Release|Any CPU
		{6D7F5DA8-D85C-3C0E-3E52-F8F00EDC4F63}.Release|Any CPU.Build.0 = Release|Any CPU
		{0FB508A5-1998-5CBF-5F00-FC683744A3B3}.Debug|Any CPU.ActiveCfg = Debug|Any CPU
		{0FB508A5-1998-5CBF-5F00-FC683744A3B3}.Debug|Any CPU.Build.0 = Debug|Any CPU
		{0FB508A5-1998-5CBF-5F00-FC683744A3B3}.Release|Any CPU.ActiveCfg = Release|Any CPU
		{0FB508A5-1998-5CBF-5F00-FC683744A3B3}.Release|Any CPU.Build.0 = Release|Any CPU
		{9277A27D-A8F1-E546-2927-7F3EFD3A7CD8}.Debug|Any CPU.ActiveCfg = Debug|Any CPU
		{9277A27D-A8F1-E546-2927-7F3EFD3A7CD8}.Debug|Any CPU.Build.0 = Debug|Any CPU
		{9277A27D-A8F1-E546-2927-7F3EFD3A7CD8}.Release|Any CPU.ActiveCfg = Release|Any CPU
		{9277A27D-A8F1-E546-2927-7F3EFD3A7CD8}.Release|Any CPU.Build.0 = Release|Any CPU
		{5F611F36-7A1A-F3A4-6566-8F2AE42B9450}.Debug|Any CPU.ActiveCfg = Debug|Any CPU
		{5F611F36-7A1A-F3A4-6566-8F2AE42B9450}.Debug|Any CPU.Build.0 = Debug|Any CPU
		{5F611F36-7A1A-F3A4-6566-8F2AE42B9450}.Release|Any CPU.ActiveCfg = Release|Any CPU
		{5F611F36-7A1A-F3A4-6566-8F2AE42B9450}.Release|Any CPU.Build.0 = Release|Any CPU
		{D9ED3C6F-2700-2BB6-4DB4-AD673AF51151}.Debug|Any CPU.ActiveCfg = Debug|Any CPU
		{D9ED3C6F-2700-2BB6-4DB4-AD673AF51151}.Debug|Any CPU.Build.0 = Debug|Any CPU
		{D9ED3C6F-2700-2BB6-4DB4-AD673AF51151}.Release|Any CPU.ActiveCfg = Release|Any CPU
		{D9ED3C6F-2700-2BB6-4DB4-AD673AF51151}.Release|Any CPU.Build.0 = Release|Any CPU
		{E26E0DB2-B833-D9E1-2D17-4BE252001AA3}.Debug|Any CPU.ActiveCfg = Debug|Any CPU
		{E26E0DB2-B833-D9E1-2D17-4BE252001AA3}.Debug|Any CPU.Build.0 = Debug|Any CPU
		{E26E0DB2-B833-D9E1-2D17-4BE252001AA3}.Release|Any CPU.ActiveCfg = Release|Any CPU
		{E26E0DB2-B833-D9E1-2D17-4BE252001AA3}.Release|Any CPU.Build.0 = Release|Any CPU
		{D6F1E575-F1F9-4218-90E6-8BAA955FCD0B}.Debug|Any CPU.ActiveCfg = Debug|Any CPU
		{D6F1E575-F1F9-4218-90E6-8BAA955FCD0B}.Debug|Any CPU.Build.0 = Debug|Any CPU
		{D6F1E575-F1F9-4218-90E6-8BAA955FCD0B}.Release|Any CPU.ActiveCfg = Release|Any CPU
		{D6F1E575-F1F9-4218-90E6-8BAA955FCD0B}.Release|Any CPU.Build.0 = Release|Any CPU
		{3995764F-95E2-1B97-D60F-7A602274B458}.Debug|Any CPU.ActiveCfg = Debug|Any CPU
		{3995764F-95E2-1B97-D60F-7A602274B458}.Debug|Any CPU.Build.0 = Debug|Any CPU
		{3995764F-95E2-1B97-D60F-7A602274B458}.Release|Any CPU.ActiveCfg = Release|Any CPU
		{3995764F-95E2-1B97-D60F-7A602274B458}.Release|Any CPU.Build.0 = Release|Any CPU
		{F62E3E78-2B2C-36DB-5D06-2A05826D19DF}.Debug|Any CPU.ActiveCfg = Debug|Any CPU
		{F62E3E78-2B2C-36DB-5D06-2A05826D19DF}.Debug|Any CPU.Build.0 = Debug|Any CPU
		{F62E3E78-2B2C-36DB-5D06-2A05826D19DF}.Release|Any CPU.ActiveCfg = Release|Any CPU
		{F62E3E78-2B2C-36DB-5D06-2A05826D19DF}.Release|Any CPU.Build.0 = Release|Any CPU
		{E32E114D-5AB3-8111-D691-02E9A9241E9B}.Debug|Any CPU.ActiveCfg = Debug|Any CPU
		{E32E114D-5AB3-8111-D691-02E9A9241E9B}.Debug|Any CPU.Build.0 = Debug|Any CPU
		{E32E114D-5AB3-8111-D691-02E9A9241E9B}.Release|Any CPU.ActiveCfg = Release|Any CPU
		{E32E114D-5AB3-8111-D691-02E9A9241E9B}.Release|Any CPU.Build.0 = Release|Any CPU
		{D8CAE88E-CFD7-2BE8-2B56-71678C9628E0}.Debug|Any CPU.ActiveCfg = Debug|Any CPU
		{D8CAE88E-CFD7-2BE8-2B56-71678C9628E0}.Debug|Any CPU.Build.0 = Debug|Any CPU
		{D8CAE88E-CFD7-2BE8-2B56-71678C9628E0}.Release|Any CPU.ActiveCfg = Release|Any CPU
		{D8CAE88E-CFD7-2BE8-2B56-71678C9628E0}.Release|Any CPU.Build.0 = Release|Any CPU
		{58EBE268-0B48-77B9-DA72-72FB1C9E1CCD}.Debug|Any CPU.ActiveCfg = Debug|Any CPU
		{58EBE268-0B48-77B9-DA72-72FB1C9E1CCD}.Debug|Any CPU.Build.0 = Debug|Any CPU
		{58EBE268-0B48-77B9-DA72-72FB1C9E1CCD}.Release|Any CPU.ActiveCfg = Release|Any CPU
		{58EBE268-0B48-77B9-DA72-72FB1C9E1CCD}.Release|Any CPU.Build.0 = Release|Any CPU
		{45A5C9A1-952C-0DEF-AB5C-DB2AC13C06A1}.Debug|Any CPU.ActiveCfg = Debug|Any CPU
		{45A5C9A1-952C-0DEF-AB5C-DB2AC13C06A1}.Debug|Any CPU.Build.0 = Debug|Any CPU
		{45A5C9A1-952C-0DEF-AB5C-DB2AC13C06A1}.Release|Any CPU.ActiveCfg = Release|Any CPU
		{45A5C9A1-952C-0DEF-AB5C-DB2AC13C06A1}.Release|Any CPU.Build.0 = Release|Any CPU
		{2CA04FC6-C19B-2E85-E4AD-2012A8851B8F}.Debug|Any CPU.ActiveCfg = Debug|Any CPU
		{2CA04FC6-C19B-2E85-E4AD-2012A8851B8F}.Debug|Any CPU.Build.0 = Debug|Any CPU
		{2CA04FC6-C19B-2E85-E4AD-2012A8851B8F}.Release|Any CPU.ActiveCfg = Release|Any CPU
		{2CA04FC6-C19B-2E85-E4AD-2012A8851B8F}.Release|Any CPU.Build.0 = Release|Any CPU
		{47E70E80-73D8-3258-D687-9069A1CD6667}.Debug|Any CPU.ActiveCfg = Debug|Any CPU
		{47E70E80-73D8-3258-D687-9069A1CD6667}.Debug|Any CPU.Build.0 = Debug|Any CPU
		{47E70E80-73D8-3258-D687-9069A1CD6667}.Release|Any CPU.ActiveCfg = Release|Any CPU
		{47E70E80-73D8-3258-D687-9069A1CD6667}.Release|Any CPU.Build.0 = Release|Any CPU
		{30D06FE0-B13C-3699-D204-F5900CDED4CC}.Debug|Any CPU.ActiveCfg = Debug|Any CPU
		{30D06FE0-B13C-3699-D204-F5900CDED4CC}.Debug|Any CPU.Build.0 = Debug|Any CPU
		{30D06FE0-B13C-3699-D204-F5900CDED4CC}.Release|Any CPU.ActiveCfg = Release|Any CPU
		{30D06FE0-B13C-3699-D204-F5900CDED4CC}.Release|Any CPU.Build.0 = Release|Any CPU
	EndGlobalSection
	GlobalSection(SolutionProperties) = preSolution
		HideSolutionNode = FALSE
	EndGlobalSection
EndGlobal
